{
  "pins" : [
    {
      "identity" : "colorizeswift",
      "kind" : "remoteSourceControl",
      "location" : "https://github.com/mtynior/ColorizeSwift.git",
      "state" : {
        "revision" : "2a354639173d021f4648cf1912b2b00a3a7cd83c",
        "version" : "1.6.0"
      }
    },
    {
      "identity" : "curry",
      "kind" : "remoteSourceControl",
      "location" : "https://github.com/thoughtbot/Curry.git",
      "state" : {
        "revision" : "4331dd50bc1db007db664a23f32e6f3df93d4e1a",
        "version" : "4.0.2"
      }
    },
    {
      "identity" : "flatten",
      "kind" : "remoteSourceControl",
      "location" : "https://github.com/YusukeHosonuma/Flatten.git",
      "state" : {
        "revision" : "5286148aa255f57863e0d7e2b827ca6b91677051",
        "version" : "0.1.0"
      }
    },
    {
      "identity" : "pathkit",
      "kind" : "remoteSourceControl",
      "location" : "https://github.com/kylef/PathKit",
      "state" : {
        "revision" : "3bfd2737b700b9a36565a8c94f4ad2b050a5e574",
        "version" : "1.0.1"
      }
    },
    {
      "identity" : "shlist",
      "kind" : "remoteSourceControl",
      "location" : "https://github.com/YusukeHosonuma/SHList.git",
      "state" : {
        "revision" : "6c61f5382dd07a64d76bc8b7fad8cec0d8a4ff7a",
        "version" : "0.1.0"
      }
    },
    {
      "identity" : "spectre",
      "kind" : "remoteSourceControl",
      "location" : "https://github.com/kylef/Spectre.git",
      "state" : {
        "revision" : "26cc5e9ae0947092c7139ef7ba612e34646086c7",
        "version" : "0.10.1"
      }
    },
    {
      "identity" : "swift-argument-parser",
      "kind" : "remoteSourceControl",
      "location" : "https://github.com/apple/swift-argument-parser.git",
      "state" : {
        "revision" : "8f4d2753f0e4778c76d5f05ad16c74f707390531",
        "version" : "1.2.3"
      }
    },
    {
      "identity" : "swift-crypto",
      "kind" : "remoteSourceControl",
      "location" : "https://github.com/apple/swift-crypto.git",
      "state" : {
        "revision" : "b51f1d6845b353a2121de1c6a670738ec33561a6",
        "version" : "3.1.0"
      }
    },
    {
      "identity" : "swift-syntax",
      "kind" : "remoteSourceControl",
      "location" : "https://github.com/apple/swift-syntax",
      "state" : {
        "revision" : "64889f0c732f210a935a0ad7cda38f77f876262d",
        "version" : "509.1.1"
      }
    },
    {
      "identity" : "swiftparamtest",
      "kind" : "remoteSourceControl",
      "location" : "https://github.com/YusukeHosonuma/SwiftParamTest.git",
      "state" : {
        "revision" : "f513e1dbbdd86e2ca2b672537f4bcb4417f94c27",
        "version" : "2.2.1"
      }
    },
    {
      "identity" : "swiftprettyprint",
      "kind" : "remoteSourceControl",
      "location" : "https://github.com/YusukeHosonuma/SwiftPrettyPrint.git",
      "state" : {
        "revision" : "1ad0d60150ae89c95846a736cb71cf322c8c8610",
        "version" : "1.4.0"
      }
    },
    {
      "identity" : "yams",
      "kind" : "remoteSourceControl",
      "location" : "https://github.com/jpsim/Yams.git",
      "state" : {
        "revision" : "0d9ee7ea8c4ebd4a489ad7a73d5c6cad55d6fed3",
        "version" : "5.0.6"
      }
    }
  ],
  "version" : 2
}
